
Microsoft Visual Studio Solution File, Format Version 12.00
# Visual Studio 14
VisualStudioVersion = 14.0.25123.0
MinimumVisualStudioVersion = 10.0.40219.1
Project("{FAE04EC0-301F-11D3-BF4B-00C04F79EFBC}") = "Ahk", "Ahk\Ahk.csproj", "{93DEDDAD-9BD2-41A0-8014-EAFF43DFBF8F}"
EndProject
Project("{FAE04EC0-301F-11D3-BF4B-00C04F79EFBC}") = "Need", "Need\Need.csproj", "{7F5D6461-5DE6-44C9-8470-C53A10F52D5C}"
EndProject
Global
	GlobalSection(SolutionConfigurationPlatforms) = preSolution
		Debug|Any CPU = Debug|Any CPU
		Release|Any CPU = Release|Any CPU
	EndGlobalSection
	GlobalSection(ProjectConfigurationPlatforms) = postSolution
		{93DEDDAD-9BD2-41A0-8014-EAFF43DFBF8F}.Debug|Any CPU.ActiveCfg = Debug|Any CPU
		{93DEDDAD-9BD2-41A0-8014-EAFF43DFBF8F}.Debug|Any CPU.Build.0 = Debug|Any CPU
		{93DEDDAD-9BD2-41A0-8014-EAFF43DFBF8F}.Release|Any CPU.ActiveCfg = Release|Any CPU
		{93DEDDAD-9BD2-41A0-8014-EAFF43DFBF8F}.Release|Any CPU.Build.0 = Release|Any CPU
		{7F5D6461-5DE6-44C9-8470-C53A10F52D5C}.Debug|Any CPU.ActiveCfg = Debug|Any CPU
		{7F5D6461-5DE6-44C9-8470-C53A10F52D5C}.Debug|Any CPU.Build.0 = Debug|Any CPU
		{7F5D6461-5DE6-44C9-8470-C53A10F52D5C}.Release|Any CPU.ActiveCfg = Release|Any CPU
		{7F5D6461-5DE6-44C9-8470-C53A10F52D5C}.Release|Any CPU.Build.0 = Release|Any CPU
	EndGlobalSection
	GlobalSection(SolutionProperties) = preSolution
		HideSolutionNode = FALSE
	EndGlobalSection
EndGlobal
